<?xml version="1.0" encoding="utf-8"?>
<Project ToolsVersion="4.0" xmlns="http://schemas.microsoft.com/developer/msbuild/2003">
  <ItemGroup>
    <Filter Include="Source Files">
      <UniqueIdentifier>{4FC737F1-C7A5-4376-A066-2A32D752A2FF}</UniqueIdentifier>
      <Extensions>cpp;c;cc;cxx;c++;cppm;ixx;def;odl;idl;hpj;bat;asm;asmx</Extensions>
    </Filter>
    <Filter Include="Header Files">
      <UniqueIdentifier>{93995380-89BD-4b04-88EB-625FBE52EBFB}</UniqueIdentifier>
      <Extensions>h;hh;hpp;hxx;h++;hm;inl;inc;ipp;xsd</Extensions>
    </Filter>
    <Filter Include="Resource Files">
      <UniqueIdentifier>{67DA6AB6-F800-4c08-8B7A-83BB121AAD01}</UniqueIdentifier>
      <Extensions>rc;ico;cur;bmp;dlg;rc2;rct;bin;rgs;gif;jpg;jpeg;jpe;resx;tiff;tif;png;wav;mfcribbon-ms</Extensions>
    </Filter>
  </ItemGroup>
  <ItemGroup>
    <ClCompile Include="Game\main.cpp">
      <Filter>Source Files</Filter>
    </ClCompile>
    <ClCompile Include="DX3D\Source\DX3D\Core\Base.cpp">
      <Filter>Source Files</Filter>
    </ClCompile>
    <ClCompile Include="DX3D\Source\DX3D\Window\Win32\Win32Window.cpp">
      <Filter>Source Files</Filter>
    </ClCompile>
    <ClCompile Include="DX3D\Source\DX3D\Game\Game.cpp">
      <Filter>Source Files</Filter>
    </ClCompile>
    <ClCompile Include="DX3D\Source\DX3D\Game\Win32Game\Win32Game.cpp">
      <Filter>Source Files</Filter>
    </ClCompile>
    <ClCompile Include="DX3D\Source\DX3D\Graphics\GraphicsEngine.cpp">
      <Filter>Source Files</Filter>
    </ClCompile>
    <ClCompile Include="DX3D\Source\DX3D\Graphics\RenderSystem.cpp">
      <Filter>Source Files</Filter>
    </ClCompile>
    <ClCompile Include="DX3D\Source\DX3D\Core\Logger.cpp">
      <Filter>Source Files</Filter>
    </ClCompile>
    <ClCompile Include="DX3D\Source\DX3D\Graphics\SwapChain.cpp">
      <Filter>Source Files</Filter>
    </ClCompile>
    <ClCompile Include="DX3D\Source\DX3D\Game\Win32Game\Display.cpp">
      <Filter>Source Files</Filter>
    </ClCompile>
    <ClCompile Include="DX3D\Source\DX3D\Graphics\DeviceContext.cpp">
      <Filter>Source Files</Filter>
    </ClCompile>
    <ClCompile Include="DX3D\Source\DX3D\Math\GameMath.h">
      <Filter>Source Files</Filter>
    </ClCompile>
    <ClCompile Include="DX3D\Source\DX3D\Graphics\VertexBuffer.cpp">
      <Filter>Source Files</Filter>
    </ClCompile>
    <ClCompile Include="DX3D\Source\DX3D\Math\GameMath.cpp">
      <Filter>Source Files</Filter>
    </ClCompile>
    <ClCompile Include="DX3D\Source\DX3D\Graphics\ResourceManager\MeshManager\Mesh.cpp">
      <Filter>Source Files</Filter>
    </ClCompile>
    <ClCompile Include="DX3D\Source\DX3D\Graphics\IndexBuffer.cpp">
      <Filter>Source Files</Filter>
    </ClCompile>
    <ClCompile Include="DX3D\Source\DX3D\Graphics\ConstantBuffer.cpp">
      <Filter>Source Files</Filter>
    </ClCompile>
    <ClCompile Include="DX3D\Source\DX3D\Input\InputSystem.cpp">
      <Filter>Source Files</Filter>
    </ClCompile>
    <ClCompile Include="DX3D\Source\DX3D\Graphics\ResourceManager\ResourceManager.cpp">
      <Filter>Source Files</Filter>
    </ClCompile>
    <ClCompile Include="DX3D\Source\DX3D\Graphics\ResourceManager\Resource.cpp">
      <Filter>Source Files</Filter>
    </ClCompile>
    <ClCompile Include="DX3D\Source\DX3D\Graphics\ResourceManager\TextureManager\Texture.cpp">
      <Filter>Source Files</Filter>
    </ClCompile>
    <ClCompile Include="DX3D\Source\DX3D\Graphics\ResourceManager\TextureManager\TextureManager.cpp">
      <Filter>Source Files</Filter>
    </ClCompile>
    <ClCompile Include="DX3D\Source\DX3D\Object\GameObject.cpp">
      <Filter>Source Files</Filter>
    </ClCompile>
    <ClCompile Include="DX3D\Source\DX3D\Graphics\ResourceManager\MeshManager\MeshManager.cpp">
      <Filter>Source Files</Filter>
    </ClCompile>
    <ClCompile Include="DX3D\Source\DX3D\Object\Transform.cpp">
      <Filter>Source Files</Filter>
    </ClCompile>
    <ClCompile Include="DX3D\Source\DX3D\Object\Material.cpp">
      <Filter>Source Files</Filter>
    </ClCompile>
    <ClCompile Include="DX3D\Source\DX3D\Physics\PhysicsEngine.cpp">
      <Filter>Source Files</Filter>
    </ClCompile>
    <ClCompile Include="DX3D\Source\DX3D\Physics\Collider.cpp">
      <Filter>Source Files</Filter>
    </ClCompile>
    <ClCompile Include="DX3D\Source\DX3D\Physics\RigidBody.cpp">
      <Filter>Source Files</Filter>
    </ClCompile>
    <ClCompile Include="DX3D\Source\DX3D\Component\Component.cpp">
      <Filter>Source Files</Filter>
    </ClCompile>
    <ClCompile Include="DX3D\Source\DX3D\GameManager\GameManager.cpp">
      <Filter>Source Files</Filter>
    </ClCompile>
    <ClCompile Include="DX3D\Source\DX3D\Graphics\StructuredBuffer\StructuredBuffer.cpp">
      <Filter>Source Files</Filter>
    </ClCompile>
  </ItemGroup>
  <ItemGroup>
    <ClInclude Include="DX3D\Include\DX3D\Core\Base.h">
      <Filter>Header Files</Filter>
    </ClInclude>
    <ClInclude Include="DX3D\Include\DX3D\Window\Window.h">
      <Filter>Header Files</Filter>
    </ClInclude>
    <ClInclude Include="DX3D\Include\DX3D\Game\Game.h">
      <Filter>Header Files</Filter>
    </ClInclude>
    <ClInclude Include="DX3D\Include\DX3D\Core\Core.h">
      <Filter>Header Files</Filter>
    </ClInclude>
    <ClInclude Include="DX3D\Include\DX3D\All.h">
      <Filter>Header Files</Filter>
    </ClInclude>
    <ClInclude Include="DX3D\Include\DX3D\Graphics\GraphicsEngine.h">
      <Filter>Header Files</Filter>
    </ClInclude>
    <ClInclude Include="DX3D\Source\DX3D\Graphics\RenderSystem.h">
      <Filter>Header Files</Filter>
    </ClInclude>
    <ClInclude Include="DX3D\Include\DX3D\Core\Logger.h">
      <Filter>Header Files</Filter>
    </ClInclude>
    <ClInclude Include="DX3D\Include\DX3D\Core\Common.h">
      <Filter>Header Files</Filter>
    </ClInclude>
    <ClInclude Include="DX3D\Source\DX3D\Graphics\GraphicsLogUtils.h">
      <Filter>Header Files</Filter>
    </ClInclude>
    <ClInclude Include="DX3D\Source\DX3D\Graphics\SwapChain.h">
      <Filter>Header Files</Filter>
    </ClInclude>
    <ClInclude Include="DX3D\Source\DX3D\Graphics\GraphicsResource.h">
      <Filter>Header Files</Filter>
    </ClInclude>
    <ClInclude Include="DX3D\Source\DX3D\Math\Rect.h">
      <Filter>Header Files</Filter>
    </ClInclude>
    <ClInclude Include="DX3D\Include\DX3D\Game\Display.h">
      <Filter>Header Files</Filter>
    </ClInclude>
    <ClInclude Include="DX3D\Source\DX3D\Graphics\DeviceContext.h">
      <Filter>Header Files</Filter>
    </ClInclude>
    <ClInclude Include="DX3D\Source\DX3D\Graphics\VertexBuffer.h">
      <Filter>Header Files</Filter>
    </ClInclude>
    <ClInclude Include="DX3D\Source\DX3D\Math\Vector3D.h">
      <Filter>Header Files</Filter>
    </ClInclude>
    <ClInclude Include="DX3D\Source\DX3D\Math\Matrix.h">
      <Filter>Header Files</Filter>
    </ClInclude>
    <ClInclude Include="DX3D\Source\DX3D\Graphics\IndexBuffer.h">
      <Filter>Header Files</Filter>
    </ClInclude>
    <ClInclude Include="DX3D\Source\DX3D\Graphics\ConstantBuffer.h">
      <Filter>Header Files</Filter>
    </ClInclude>
    <ClInclude Include="DX3D\Include\DX3D\Input\InputSystem.h">
      <Filter>Header Files</Filter>
    </ClInclude>
    <ClInclude Include="DX3D\Source\DX3D\Input\InputListener.h">
      <Filter>Header Files</Filter>
    </ClInclude>
    <ClInclude Include="DX3D\Source\DX3D\Math\Point.h">
      <Filter>Header Files</Filter>
    </ClInclude>
    <ClInclude Include="DX3D\Source\DX3D\Math\Vector4D.h">
      <Filter>Header Files</Filter>
    </ClInclude>
    <ClInclude Include="DX3D\Source\DX3D\Graphics\ResourceManager\ResourceManager.h">
      <Filter>Header Files</Filter>
    </ClInclude>
    <ClInclude Include="DX3D\Source\DX3D\Graphics\ResourceManager\Resource.h">
      <Filter>Header Files</Filter>
    </ClInclude>
    <ClInclude Include="DX3D\Source\DX3D\Graphics\ResourceManager\TextureManager\Texture.h">
      <Filter>Header Files</Filter>
    </ClInclude>
    <ClInclude Include="DX3D\Source\DX3D\Graphics\ResourceManager\TextureManager\TextureManager.h">
      <Filter>Header Files</Filter>
    </ClInclude>
    <ClInclude Include="DX3D\Source\DX3D\Math\Vector2D.h">
      <Filter>Header Files</Filter>
    </ClInclude>
    <ClInclude Include="DX3D\Include\DX3D\Object\GameObject.h">
      <Filter>Header Files</Filter>
    </ClInclude>
    <ClInclude Include="DX3D\Source\DX3D\Graphics\ResourceManager\MeshManager\MeshManager.h">
      <Filter>Header Files</Filter>
    </ClInclude>
    <ClInclude Include="DX3D\Source\DX3D\Object\Axis.h">
      <Filter>Header Files</Filter>
    </ClInclude>
    <ClInclude Include="DX3D\Source\DX3D\Object\Transform.h">
      <Filter>Header Files</Filter>
    </ClInclude>
    <ClInclude Include="DX3D\Source\DX3D\Object\Material.h">
      <Filter>Header Files</Filter>
    </ClInclude>
    <ClInclude Include="DX3D\Include\DX3D\Physics\PhysicsEngine.h">
      <Filter>Header Files</Filter>
    </ClInclude>
    <ClInclude Include="DX3D\Include\DX3D\Physics\Collider.h">
      <Filter>Header Files</Filter>
    </ClInclude>
    <ClInclude Include="DX3D\Include\DX3D\Physics\RigidBody.h">
      <Filter>Header Files</Filter>
    </ClInclude>
    <ClInclude Include="DX3D\Include\DX3D\Object\Objects\SkyBox.h">
      <Filter>Header Files</Filter>
    </ClInclude>
    <ClInclude Include="DX3D\Include\DX3D\Object\Objects\Camera.h">
      <Filter>Header Files</Filter>
    </ClInclude>
    <ClInclude Include="DX3D\Include\DX3D\Object\Objects\Player.h">
      <Filter>Header Files</Filter>
    </ClInclude>
    <ClInclude Include="DX3D\Include\DX3D\Component\Component.h">
      <Filter>Header Files</Filter>
    </ClInclude>
    <ClInclude Include="DX3D\Include\DX3D\GameManager\GameManager.h">
      <Filter>Header Files</Filter>
    </ClInclude>
    <ClInclude Include="DX3D\Include\DX3D\GameManager\Registry.h">
      <Filter>Header Files</Filter>
    </ClInclude>
    <ClInclude Include="DX3D\Include\DX3D\Object\Objects\SmokeCell.h">
      <Filter>Header Files</Filter>
    </ClInclude>
    <ClInclude Include="DX3D\Include\DX3D\Object\Objects\Smoke.h">
      <Filter>Header Files</Filter>
    </ClInclude>
    <ClInclude Include="DX3D\Include\DX3D\Object\Objects\Grid.h">
      <Filter>Header Files</Filter>
    </ClInclude>
    <ClInclude Include="DX3D\Source\DX3D\Graphics\StructuredBuffer\StructuredBuffer.h">
      <Filter>Header Files</Filter>
    </ClInclude>
  </ItemGroup>
  <ItemGroup>
    <FxCompile Include="DX3D\Shaders\Heart\VertexShader.hlsl" />
    <FxCompile Include="DX3D\Shaders\Heart\PixelShader.hlsl" />
    <FxCompile Include="DX3D\Shaders\Cube\VertexShader.hlsl" />
    <FxCompile Include="DX3D\Shaders\Cube\PixelShader.hlsl" />
    <FxCompile Include="DX3D\Shaders\Lighting\VertexShader.hlsl" />
    <FxCompile Include="DX3D\Shaders\Axis\VertexShader.hlsl" />
    <FxCompile Include="DX3D\Shaders\Axis\PixelShader.hlsl" />
    <FxCompile Include="DX3D\Shaders\Lighting\PixelShader.hlsl" />
    <FxCompile Include="DX3D\Shaders\Skybox\PixelShader.hlsl" />
    <FxCompile Include="DX3D\Shaders\Skybox\VertexShader.hlsl" />
    <FxCompile Include="DX3D\Shaders\Lighting\SphereTex\PixelShader.hlsl" />
    <FxCompile Include="DX3D\Shaders\Wave\VertexShader.hlsl" />
    <FxCompile Include="DX3D\Shaders\Wave\PixelShader.hlsl" />
    <FxCompile Include="DX3D\Shaders\Collider\PixelShader.hlsl" />
    <FxCompile Include="DX3D\Shaders\Collider\VertexShader.hlsl" />
    <FxCompile Include="DX3D\Shaders\VertexMeshLayout\VertexShader.hlsl" />
    <FxCompile Include="DX3D\Shaders\Smoke\PixelShader.hlsl" />
    <FxCompile Include="DX3D\Shaders\Smoke\VertexShader.hlsl" />
    <FxCompile Include="DX3D\Shaders\Grid\PixelShader.hlsl" />
    <FxCompile Include="DX3D\Shaders\Grid\VertexShader.hlsl" />
    <FxCompile Include="DX3D\Shaders\Smoke\Compute\AddSourceCompute.hlsl" />
  </ItemGroup>
</Project>